{"SurveyEntry":{"SurveyID":"SV_1XEB9Yx5rk3djpj","SurveyName":"Integrating Web Applications (Example)","SurveyDescription":null,"SurveyOwnerID":"UR_1AII0Fti2ZcckMR","SurveyBrandID":"stonybrookuniversity","DivisionID":null,"SurveyLanguage":"EN","SurveyActiveResponseSet":"RS_3xtsyy1L36XeCeV","SurveyStatus":"Active","SurveyStartDate":"0000-00-00 00:00:00","SurveyExpirationDate":"0000-00-00 00:00:00","SurveyCreationDate":"2020-10-15 11:26:55","CreatorID":"UR_1AII0Fti2ZcckMR","LastModified":"2021-03-05 12:53:41","LastAccessed":"0000-00-00 00:00:00","LastActivated":"2021-02-26 16:48:38","Deleted":null},"SurveyElements":[{"SurveyID":"SV_1XEB9Yx5rk3djpj","Element":"BL","PrimaryAttribute":"Survey Blocks","SecondaryAttribute":null,"TertiaryAttribute":null,"Payload":[{"Type":"Default","Description":"Default Question Block","ID":"BL_bKEY5hvYKljFCap","Options":{"BlockLocking":"false","RandomizeQuestions":"false","BlockVisibility":"Expanded"},"BlockElements":[{"Type":"Question","QuestionID":"QID25"},{"Type":"Page Break"},{"Type":"Question","QuestionID":"QID3"},{"Type":"Page Break"},{"Type":"Question","QuestionID":"QID26"},{"Type":"Page Break"},{"Type":"Question","QuestionID":"QID27"}]},{"Type":"Trash","Description":"Trash \/ Unused Questions","ID":"BL_bNIIzNOwe1sg0Kx","BlockElements":[]},{"Type":"Standard","SubType":"","Description":"Mobile User Block","ID":"BL_bpfFoMWuRx1UTIi","BlockElements":[{"Type":"Question","QuestionID":"QID24"}]}]},{"SurveyID":"SV_1XEB9Yx5rk3djpj","Element":"FL","PrimaryAttribute":"Survey Flow","SecondaryAttribute":null,"TertiaryAttribute":null,"Payload":{"Type":"Root","FlowID":"FL_1","Flow":[{"Type":"EmbeddedData","FlowID":"FL_5","EmbeddedData":[{"Description":"Random ID","Type":"Custom","Field":"Random ID","VariableType":"String","DataVisibility":[],"AnalyzeText":false,"Value":"${rand:\/\/int\/100000:999999}"}]},{"Type":"EmbeddedData","FlowID":"FL_6","EmbeddedData":[{"Description":"participantID","Type":"Recipient","Field":"participantID","VariableType":"String","DataVisibility":[],"AnalyzeText":false}]},{"Type":"EmbeddedData","FlowID":"FL_8","EmbeddedData":[{"Description":"payout","Type":"Recipient","Field":"payout","VariableType":"String","DataVisibility":[],"AnalyzeText":false}]},{"Type":"Branch","FlowID":"FL_33","Description":"New Branch","BranchLogic":{"0":{"0":{"LogicType":"DeviceType","Operator":"IsNot","LeftOperand":"mobile","Type":"Expression","Description":"<span class=\"ConjDesc\">If<\/span><span class=\"schema_desc\">Device Type<\/span><span class=\"select_val_desc Operator_desc\">Is Not<\/span><span class=\"select_val_desc LeftOperand_desc\">Mobile<\/span>"},"Type":"If"},"Type":"BooleanExpression"},"Flow":[{"Type":"Block","ID":"BL_bKEY5hvYKljFCap","FlowID":"FL_34","Autofill":[]}]},{"Type":"Branch","FlowID":"FL_35","Description":"New Branch","BranchLogic":{"0":{"0":{"LogicType":"DeviceType","Operator":"Is","LeftOperand":"mobile","Type":"Expression","Description":"<span class=\"ConjDesc\">If<\/span><span class=\"schema_desc\">Device Type<\/span><span class=\"select_val_desc Operator_desc\">Is<\/span><span class=\"select_val_desc LeftOperand_desc\">Mobile<\/span>"},"Type":"If"},"Type":"BooleanExpression"},"Flow":[{"Type":"Block","ID":"BL_bpfFoMWuRx1UTIi","FlowID":"FL_37","Autofill":[]}]}],"Properties":{"Count":39,"RemovedFieldsets":[]}}},{"SurveyID":"SV_1XEB9Yx5rk3djpj","Element":"NT","PrimaryAttribute":"NT_5oNzFnDRW9pUGrj","SecondaryAttribute":null,"TertiaryAttribute":null,"Payload":{"Notes":[{"Message":"Please leave the skip logic as \"End of Block\" so that Qualtrics can collect data to refine targeting and optimize pricing for our customers. Branches in the Survey Flow will screen out disqualified respondents. -Nathan at Qualtrics","ID":"NO_7ZE1hYJPBpQN0aN","UserID":"UR_1AII0Fti2ZcckMR","Timestamp":1602617347,"Removed":false}],"UserStatuses":{"UR_1AII0Fti2ZcckMR":"Expanded"},"ParentID":"QID17","ID":"NT_5oNzFnDRW9pUGrj"}},{"SurveyID":"SV_1XEB9Yx5rk3djpj","Element":"NT","PrimaryAttribute":"NT_8GScMUvhhwiSoei","SecondaryAttribute":null,"TertiaryAttribute":null,"Payload":{"Notes":[{"Message":"Click on the JS button for this question to view the JavaScript code used to host the iframe, store variables, and manipulate components of the survey.","ID":"NO_56FCuOJ3IqQ2KAC","UserID":"UR_1AII0Fti2ZcckMR","Timestamp":1614968778,"Removed":false}],"UserStatuses":{"UR_1AII0Fti2ZcckMR":"Expanded"},"ParentID":"QID3","ID":"NT_8GScMUvhhwiSoei"}},{"SurveyID":"SV_1XEB9Yx5rk3djpj","Element":"NT","PrimaryAttribute":"NT_ea1WzXGpPVvEMmy","SecondaryAttribute":null,"TertiaryAttribute":null,"Payload":{"Notes":[{"Message":"This question block appears if respondents are using mobile devices. For more details, see Survey Flow.","ID":"NO_bDCr2ecp4y6LtPg","UserID":"UR_1AII0Fti2ZcckMR","Timestamp":1614973899,"Removed":false}],"UserStatuses":{"UR_1AII0Fti2ZcckMR":"Expanded"},"ParentID":"QID24","ID":"NT_ea1WzXGpPVvEMmy"}},{"SurveyID":"SV_1XEB9Yx5rk3djpj","Element":"RS","PrimaryAttribute":"RS_3xtsyy1L36XeCeV","SecondaryAttribute":null,"TertiaryAttribute":null,"Payload":null},{"SurveyID":"SV_1XEB9Yx5rk3djpj","Element":"SO","PrimaryAttribute":"Survey Options","SecondaryAttribute":null,"TertiaryAttribute":null,"Payload":{"BackButton":"true","SaveAndContinue":"true","SurveyProtection":"PublicSurvey","BallotBoxStuffingPrevention":"false","NoIndex":"Yes","SecureResponseFiles":"true","SurveyExpiration":null,"SurveyTermination":"DefaultMessage","Header":"","Footer":"","ProgressBarDisplay":"None","PartialData":"No","ValidationMessage":null,"PreviousButton":" \u2190 Back","NextButton":"Continue \u2192","SurveyTitle":"Online Survey Software | Qualtrics Survey Solutions","SkinLibrary":"stonybrookuniversity","SkinType":"templated","Skin":{"brandingId":null,"templateId":"*2014","overrides":null},"NewScoring":1,"CustomStyles":{"customCSS":".Skin .SkinInner {\nwidth:800px;\n}\n\n@media screen and (min-width: 600px) {\n}\n.Skin #Buttons {text-align:center;}"},"nextButtonLid":"","nextButtonMid":"","EOSMessage":"","ShowExportTags":"false","CollectGeoLocation":"false","SurveyMetaDescription":"The most powerful, simple and trusted way to gather experience data. Start your journey to experience management and try a free account today.","PasswordProtection":"No","AnonymizeResponse":"No","Password":"","RefererCheck":"No","RefererURL":"http:\/\/","RecaptchaV3":"false","ConfirmStart":false,"AutoConfirmStart":false,"RelevantID":"false","RelevantIDLockoutPeriod":"+30 days","UseCustomSurveyLinkCompletedMessage":null,"SurveyLinkCompletedMessage":"","SurveyLinkCompletedMessageLibrary":"","ResponseSummary":"No","EOSMessageLibrary":"","EOSRedirectURL":"https:\/\/","EmailThankYou":"false","ThankYouEmailMessageLibrary":null,"ThankYouEmailMessage":null,"ValidateMessage":"false","ValidationMessageLibrary":null,"InactiveSurvey":"DefaultMessage","PartialDataCloseAfter":"LastActivity","ActiveResponseSet":null,"InactiveMessageLibrary":"","InactiveMessage":"","AvailableLanguages":{"EN":[]},"ProtectSelectionIds":true,"PartialDeletion":"+1 hour","headerLid":"","headerMid":"","SurveyName":"Integrating Web Applications (Example)","PageTransition":"none"}},{"SurveyID":"SV_1XEB9Yx5rk3djpj","Element":"SCO","PrimaryAttribute":"Scoring","SecondaryAttribute":null,"TertiaryAttribute":null,"Payload":{"ScoringCategories":[],"ScoringCategoryGroups":[],"ScoringSummaryCategory":null,"ScoringSummaryAfterQuestions":0,"ScoringSummaryAfterSurvey":0,"DefaultScoringCategory":null,"AutoScoringCategory":null}},{"SurveyID":"SV_1XEB9Yx5rk3djpj","Element":"PROJ","PrimaryAttribute":"CORE","SecondaryAttribute":null,"TertiaryAttribute":"1.1.0","Payload":{"ProjectCategory":"CORE","SchemaVersion":"1.1.0"}},{"SurveyID":"SV_1XEB9Yx5rk3djpj","Element":"STAT","PrimaryAttribute":"Survey Statistics","SecondaryAttribute":null,"TertiaryAttribute":null,"Payload":{"MobileCompatible":true,"ID":"Survey Statistics"}},{"SurveyID":"SV_1XEB9Yx5rk3djpj","Element":"QC","PrimaryAttribute":"Survey Question Count","SecondaryAttribute":"27","TertiaryAttribute":null,"Payload":null},{"SurveyID":"SV_1XEB9Yx5rk3djpj","Element":"SQ","PrimaryAttribute":"QID26","SecondaryAttribute":"After the application is complete, researchers can choose to include follow-up questions. This ma...","TertiaryAttribute":null,"Payload":{"QuestionText":"<div style=\"text-align: left;\"><br \/>\n<span style=\"font-size:16px;\">After the application is complete, researchers can choose to include follow-up questions. This may be especially useful for researchers who plan to use the web application as part of an experimental treatment. For instance, after subjects completed the previous web application, they answered the following question (among others): <\/span>\n<div><span style=\"font-size:16px;\">&nbsp;<\/span><\/div>\n<span style=\"font-size:16px;\"> <\/span>\n\n<div><span style=\"font-size:16px;\"><span style=\"font-family:Lucida Sans Unicode,Lucida Grande,sans-serif;\">Are you personally willing to pay more taxes to help provide benefits to people who suffer economic hardships?&nbsp;<\/span><\/span><\/div>\n<\/div>","DefaultChoices":false,"DataExportTag":"Q9","QuestionType":"MC","Selector":"DL","Configuration":{"QuestionDescriptionOption":"UseText"},"QuestionDescription":"After the application is complete, researchers can choose to include follow-up questions. This ma...","Choices":{"4":{"Display":"Very Opposed"},"7":{"Display":"Moderately Opposed"},"8":{"Display":"Slightly Opposed"},"9":{"Display":"Neutral"},"10":{"Display":"Slightly Willing"},"11":{"Display":"Moderately Willing"},"12":{"Display":"Very Willing"}},"ChoiceOrder":["4","7","8","9","10","11","12"],"Validation":{"Settings":{"ForceResponse":"OFF","ForceResponseType":"ON","Type":"None"}},"GradingData":[],"Language":[],"NextChoiceId":14,"NextAnswerId":7,"QuestionID":"QID26","DataVisibility":{"Private":false,"Hidden":false},"QuestionJS":"Qualtrics.SurveyEngine.addOnload(function()\n{\n function hideEl(element) {\n        element.hide();\n    }   \n  var bb = $('PreviousButton');\n \thideEl.defer(bb);\n\n});\n\nQualtrics.SurveyEngine.addOnReady(function()\n{\n\t\/*Place your JavaScript here to run when the page is fully displayed*\/\n\n});\n\nQualtrics.SurveyEngine.addOnUnload(function()\n{\n\t\/*Place your JavaScript here to run when the page is unloaded*\/\n\n});"}},{"SurveyID":"SV_1XEB9Yx5rk3djpj","Element":"SQ","PrimaryAttribute":"QID24","SecondaryAttribute":"\u00a0 \u00a0 Integrating Web Applications with Qualtrics \u00a0 This demo requires a desktop computer\u00a0for the ","TertiaryAttribute":null,"Payload":{"QuestionText":"<div style=\"background-color: #fffaf0; text-align: center; border: 5px solid #286090;\">\n<div style=\"text-align: center;\">&nbsp;<\/div>\n\n<div style=\"text-align: center;\">&nbsp;<\/div>\n\n<div style=\"text-align: center;\"><span style=\"font-size:29px;\"><span style=\"color: rgb(41, 128, 185);\">Integrating<\/span><\/span><\/div><div style=\"text-align: center;\"><span style=\"font-size:29px;\"><span style=\"color: rgb(41, 128, 185);\">Web Applications<br>\nwith Qualtrics<\/span><\/span><\/div>\n\n<div style=\"text-align: center;\">&nbsp;<\/div>\n\n<div style=\"padding: 5px;\"><span style=\"font-size:16px;\"><span style=\"text-align: left;\">This demo requires a <b>desktop computer<\/b><\/span><b style=\"text-align: left; font-size: 14px;\">&nbsp;<\/b><span style=\"text-align: left;\">for the web application to be viewed properly within the iframe.<\/span><\/span><br>\n&nbsp;<\/div>\n\n<div><span style=\"font-size:16px;\"><span style=\"padding: 5px;\"><i>Please return to this demonstration on a desktop computer.<\/i><\/span><\/span><\/div>\n\n<div style=\"text-align: center;\"><br>\n&nbsp;<\/div>\n<\/div>","DefaultChoices":false,"DataExportTag":"Q7","QuestionType":"DB","Selector":"TB","Configuration":{"QuestionDescriptionOption":"UseText"},"QuestionDescription":"\u00a0 \u00a0 Integrating Web Applications with Qualtrics \u00a0 This demo requires a desktop computer\u00a0for the w...","ChoiceOrder":[],"Validation":{"Settings":{"Type":"None"}},"GradingData":[],"Language":[],"NextChoiceId":4,"NextAnswerId":1,"QuestionID":"QID24","DataVisibility":{"Private":false,"Hidden":false}}},{"SurveyID":"SV_1XEB9Yx5rk3djpj","Element":"SQ","PrimaryAttribute":"QID3","SecondaryAttribute":"\u00a0 \u00a0 Thank you for participating! \u00a0 Please click the\u00a0Continue button below to complete this surve","TertiaryAttribute":null,"Payload":{"QuestionText":"<div style=\"background-color: #fffaf0; text-align: center; border: 5px solid #286090;\">\n<div style=\"text-align: center;\">&nbsp;<\/div>\n\n<div style=\"text-align: center;\">&nbsp;<\/div>\n\n<div style=\"text-align: center;\"><span style=\"font-size:29px;\"><span style=\"color: rgb(41, 128, 185);\"><b>Thank you for participating!<\/b><\/span><\/span><\/div>\n\n<div style=\"text-align: center;\">&nbsp;<\/div>\n\n<div style=\"text-align: center;\"><span style=\"font-size: 19px;\">Please click the<\/span><b style=\"font-size: 19px;\">&nbsp;Continue <\/b><span style=\"font-size: 19px;\">button below to complete this survey.<\/span><\/div>\n\n<div style=\"text-align: center;\"><br \/>\n&nbsp;<\/div>\n<\/div>","QuestionJS":"Qualtrics.SurveyEngine.addOnload(function()\n\t{\n\t\n\t\/\/ This is a function to hide elements in the question.\n\t\t function hideEl(element) {\n      \t  \t\telement.hide();\n  \t \t }   \n\t\t\n\t\/\/ This hides elements from Q3 (iframe question). We unhide these once application reaches completion.\n\t\tjQuery(\"#QID3\").hide(); \/\/ Hide question content (\"Thank you for participating\")\n   \t\tvar bb = $('PreviousButton'); \/\/ Hide previous and next buttons and\n \t\tvar nb = $('NextButton');\n   \t\thideEl.defer(nb);\n\t\thideEl.defer(bb);\n\n \n \t\/\/ We place the iframe code in the header of the question.\n\t\/\/ We also adjust the iframe's position and size, and add some text above an below the frame.\n\t\tjQuery(\"#Header\").html(' <div id=\"headLbl\" style=\"top: 0px; margin-bottom: -15px;\"> <big><center>Custom Web Application Demo:<b><i><br>Voting About Taxes in a US Election \\\n\t\t\t\t\t\t\t\t\t\t\t\t<\/b><\/center><\/i><br><\/big><\/div><center><iframe allowfullscreen=\"\" src=\"https:\/\/benjaminjcarter.com\/myApp.html\" style=\"width:765px;height:580px;\" id=\"myframe\"> <\/iframe><\/center> <center> <div id=\"bttnMsg\">\\\n\t\t\t\t\t\t\t\t\t\t\t\tContinue button will appear after demo has completed (1 round).<\/div> <\/center><\/big>');                \n \n  \t\/\/ Create event listeners and handlers\n\t\tvar eventMethod = window.addEventListener ? \"addEventListener\" : \"attachEvent\";\n\t\tvar eventer = window[eventMethod];\n\t\tvar messageEvent = eventMethod == \"attachEvent\" ? \"onmessage\" : \"message\";\n\t\teventer(messageEvent, function (e) {\n\t\t\t\/*If application posts \u201ccomplete\u201d message, hide the iframe and advance the survey *\/\n\t\t\tif (e.data == \"complete\"){  \n\t\t\t\t\tdocument.getElementById(\"myframe\").style = \"display: none\";\n\t\t\t\t\tnb.show(); \/\/ Show continue button\n\t\t \t\t\tdocument.getElementById(\"bttnMsg\").style = \"display: none\";\n\t\t\t \t\tdocument.getElementById(\"headLbl\").style = \"display: none\";\n\t\t\t\t\tjQuery(\"#QID3\").show();\n\t\t\t\t}\n\t\t\t\/*If application posts message with \u201cID\u201d store as \u2018participantID\u2019 *\/\n\t\t\telse if(e.data.includes(\"ID\")){\n\t\t\t\t\tQualtrics.SurveyEngine.setEmbeddedData('participantID', e.data);\n\t\t\t\t}\n\t\t\t}, false);\n\t\t});","DefaultChoices":false,"DataExportTag":"iframe","QuestionID":"QID3","QuestionType":"DB","Selector":"TB","DataVisibility":{"Private":false,"Hidden":false},"Configuration":{"QuestionDescriptionOption":"UseText"},"QuestionDescription":"\u00a0 \u00a0 Thank you for participating! \u00a0 Please click the\u00a0Continue button below to complete this survey...","ChoiceOrder":[],"Validation":{"Settings":{"Type":"None"}},"GradingData":[],"Language":[],"NextChoiceId":7,"NextAnswerId":1}},{"SurveyID":"SV_1XEB9Yx5rk3djpj","Element":"QO","PrimaryAttribute":"QO_5PMcVFVTF3A5Vch","SecondaryAttribute":"Democrat","TertiaryAttribute":null,"Payload":{"Name":"Democrat","Occurrences":88,"Logic":{"0":{"0":{"LogicType":"Question","QuestionID":"QID21","QuestionIsInLoop":"no","ChoiceLocator":"q:\/\/QID21\/SelectableChoice\/152","Operator":"Selected","QuestionIDFromLocator":"QID21","LeftOperand":"q:\/\/QID21\/SelectableChoice\/152","Type":"Expression","Description":"<span class=\"ConjDesc\">If<\/span> <span class=\"QuestionDesc\">1.&nbsp;&nbsp;&nbsp;&nbsp;&nbsp;&nbsp; Generally speaking, are you a Democrat, Independent, or Republican?<\/span> <span class=\"LeftOpDesc\">Strong Democrat<\/span> <span class=\"OpDesc\">Is Selected<\/span> "},"1":{"LogicType":"Question","QuestionID":"QID21","QuestionIsInLoop":"no","ChoiceLocator":"q:\/\/QID21\/SelectableChoice\/153","Operator":"Selected","QuestionIDFromLocator":"QID21","LeftOperand":"q:\/\/QID21\/SelectableChoice\/153","Type":"Expression","Description":"<span class=\"ConjDesc\">Or<\/span> <span class=\"QuestionDesc\">1.&nbsp;&nbsp;&nbsp;&nbsp;&nbsp;&nbsp; Generally speaking, are you a Democrat, Independent, or Republican?<\/span> <span class=\"LeftOpDesc\">Moderate Democrat<\/span> <span class=\"OpDesc\">Is Selected<\/span> ","Conjuction":"Or"},"2":{"LogicType":"Question","QuestionID":"QID21","QuestionIsInLoop":"no","ChoiceLocator":"q:\/\/QID21\/SelectableChoice\/154","Operator":"Selected","QuestionIDFromLocator":"QID21","LeftOperand":"q:\/\/QID21\/SelectableChoice\/154","Type":"Expression","Description":"<span class=\"ConjDesc\">Or<\/span> <span class=\"QuestionDesc\">1.&nbsp;&nbsp;&nbsp;&nbsp;&nbsp;&nbsp; Generally speaking, are you a Democrat, Independent, or Republican?<\/span> <span class=\"LeftOpDesc\">Independent, but Lean Democrat<\/span> <span class=\"OpDesc\">Is Selected<\/span> ","Conjuction":"Or"},"Type":"If"},"Type":"BooleanExpression"},"LogicType":"Simple","QuotaAction":"EndCurrentSurvey","ActionInfo":{"0":{"0":{"ActionType":"EndCurrentSurvey","Type":"Expression","LogicType":"QuotaAction"},"Type":"If"},"Type":"BooleanExpression"},"ID":"QO_5PMcVFVTF3A5Vch","QuotaRealm":"Survey","QuotaSchedule":null,"EndSurveyOptions":{"EndingType":"Advanced","ResponseFlag":"QuotaMet","SurveyTermination":"Redirect","EOSRedirectURL":"http:\/\/ca1.qualtrics.com\/jfe\/form\/SV_cGyhnkVVvVX9FQN?opp=${e:\/\/Field\/opp}&Quota=${e:\/\/Field\/Quota}&Country=${e:\/\/Field\/Country}&Wave=${e:\/\/Field\/Wave}&V=${e:\/\/Field\/V}&email=${e:\/\/Field\/email}&rid=${e:\/\/Field\/rid}&RISN=${e:\/\/Field\/RISN}&LS=${e:\/\/Field\/LS}&PID=${e:\/\/Field\/PID}&psid=${e:\/\/Field\/psid}&K2=${e:\/\/Field\/K2}&med=${e:\/\/Field\/med}&gid=${e:\/\/Field\/gid}&viga=${e:\/\/Field\/viga}&cintid=${e:\/\/Field\/cintid}&ProjectToken=${e:\/\/Field\/ProjectToken}&tid=${e:\/\/Field\/tid}&uig=${e:\/\/Field\/uig}&ppsid=${e:\/\/Field\/ppsid}&vid=${e:\/\/Field\/vid}&uid=${e:\/\/Field\/uid}&ST=${e:\/\/Field\/ST}&id=${e:\/\/Field\/id}&cmpid=${e:\/\/Field\/cmpid}&EO=${e:\/\/Field\/EOLID}&gc=3&identifier=${e:\/\/Field\/identifier}&pcid=${e:\/\/Field\/pcid}&sesskey=${e:\/\/Field\/sesskey}&CMRID=${e:\/\/Field\/CMRID}&r=${e:\/\/Field\/r}&s=${e:\/\/Field\/s}&projectnumber=${e:\/\/Field\/projectnumber}&sc=${e:\/\/Field\/sc}&job=${e:\/\/Field\/job}&password=${e:\/\/Field\/password}&ProjectToken2=${e:\/\/Field\/ProjectToken2}&GWSID=${e:\/\/Field\/GWSID}&authToken1=${e:\/\/Field\/authToken1}&authToken2=${e:\/\/Field\/authToken2}&authToken3=${e:\/\/Field\/authToken3}&spider=${e:\/\/Field\/spider}&sname=${e:\/\/Field\/sname}&p=${e:\/\/Field\/p}&eid=${e:\/\/Field\/eid}&ticket=${e:\/\/Field\/ticket}&custom1=${e:\/\/Field\/custom1}&tk=${e:\/\/Field\/tk}&token=${e:\/\/Field\/token}&Research_ID=${e:\/\/Field\/Research_ID}&ppgc1=${e:\/\/Field\/ppgc1}&ppgc2=${e:\/\/Field\/ppgc2}&ppgc3=${e:\/\/Field\/ppgc3}&ppgc4=${e:\/\/Field\/ppgc4}&m=${e:\/\/Field\/m}&l=${e:\/\/Field\/l}&offer_click_id=${e:\/\/Field\/offer_click_id}&sub_id=${e:\/\/Field\/sub_id}&surv=${e:\/\/Field\/surv}&LV=${e:\/\/Field\/LV}&SurveyCode=${e:\/\/Field\/SurveyCode}&RECALLCODE=${e:\/\/Field\/RECALLCODE}&basic=${e:\/\/Field\/basic}&ID=${e:\/\/Field\/ID}&term=oq","CountQuotas":"No","AnonymizeResponse":"Yes","EmailThankYou":"","IgnoreResponse":"Yes"}}},{"SurveyID":"SV_1XEB9Yx5rk3djpj","Element":"SQ","PrimaryAttribute":"QID25","SecondaryAttribute":"Integrating Web Applications with Qualtrics Survey Software \u00a0 This demonstration showcases a web...","TertiaryAttribute":null,"Payload":{"QuestionText":"<div style=\"text-align: center;\"><span style=\"font-size:22px;\"><strong>Integrating Web Applications with Qualtrics Survey Software<\/strong><\/span><br>\n&nbsp;<\/div>\n<span style=\"font-size: 16px;\">This demonstration showcases a web application designed for conducting experiments about taxes and redistribution.&nbsp;<\/span><div><span style=\"font-size: 16px;\"><br><\/span><div><span style=\"font-size: 16px;\">The application is hosted within an iframe in the JavaScript&nbsp;code of the following survey question. While this web application is optimized for desktop computers, researchers can also choose to optimize&nbsp;their applications for mobile devices. Researchers can find download a template of this Qualtrics survey <b>here.<\/b><\/span><br>\n&nbsp;\n<div style=\"text-align: center;\"><span style=\"font-size:16px;\">Click continue to see the web application in action!<\/span><\/div><\/div><\/div>","DefaultChoices":false,"DataExportTag":"Intro","QuestionID":"QID25","QuestionType":"DB","Selector":"TB","Configuration":{"QuestionDescriptionOption":"UseText"},"QuestionDescription":"Integrating Web Applications with Qualtrics Survey Software \u00a0 This demonstration showcases a web...","ChoiceOrder":[],"Validation":{"Settings":{"Type":"None"}},"GradingData":[],"Language":[],"NextChoiceId":4,"NextAnswerId":1,"DataVisibility":{"Private":false,"Hidden":false}}},{"SurveyID":"SV_1XEB9Yx5rk3djpj","Element":"QO","PrimaryAttribute":"QO_uqlaBf4ENh7qpKO","SecondaryAttribute":"Overall 160n (+16)","TertiaryAttribute":null,"Payload":{"Name":"Overall 160n (+16)","Occurrences":16,"Logic":{"0":{"0":{"LogicType":"EmbeddedField","LeftOperand":"gc","Operator":"EqualTo","RightOperand":"1","Type":"Expression","Description":"<span class=\"ConjDesc\">If<\/span>  <span class=\"LeftOpDesc\">gc<\/span> <span class=\"OpDesc\">Is Equal to<\/span> <span class=\"RightOpDesc\"> 1 <\/span>"},"Type":"If"},"Type":"BooleanExpression"},"LogicType":"Simple","QuotaAction":"ForBranching","ActionInfo":{"0":{"0":{"ActionType":"ForBranching","Type":"Expression","LogicType":"QuotaAction"},"Type":"If"},"Type":"BooleanExpression"},"ID":"QO_uqlaBf4ENh7qpKO","QuotaRealm":"Survey","QuotaSchedule":null,"EndSurveyOptions":{"EndingType":"Default","ResponseFlag":"QuotaMet","SurveyTermination":"DefaultMessage"}}},{"SurveyID":"SV_1XEB9Yx5rk3djpj","Element":"QG","PrimaryAttribute":"QG_kraMCeP7AmLrNDl","SecondaryAttribute":"Qual2676-0819SBUProject2","TertiaryAttribute":null,"Payload":{"ID":"QG_kraMCeP7AmLrNDl","Name":"Qual2676-0819SBUProject2","Selected":true,"MultipleMatch":"PlaceInAll","Public":true,"Quotas":["QO_uqlaBf4ENh7qpKO","QO_5PMcVFVTF3A5Vch","QO_ffrubBcE3qdv2Pr"]}},{"SurveyID":"SV_1XEB9Yx5rk3djpj","Element":"QO","PrimaryAttribute":"QO_ffrubBcE3qdv2Pr","SecondaryAttribute":"Republican","TertiaryAttribute":null,"Payload":{"Name":"Republican","Occurrences":88,"Logic":{"0":{"0":{"LogicType":"Question","QuestionID":"QID21","QuestionIsInLoop":"no","ChoiceLocator":"q:\/\/QID21\/SelectableChoice\/156","Operator":"Selected","QuestionIDFromLocator":"QID21","LeftOperand":"q:\/\/QID21\/SelectableChoice\/156","Type":"Expression","Description":"<span class=\"ConjDesc\">If<\/span> <span class=\"QuestionDesc\">1.&nbsp;&nbsp;&nbsp;&nbsp;&nbsp;&nbsp; Generally speaking, are you a Democrat, Independent, or Republican?<\/span> <span class=\"LeftOpDesc\">Independent, but lean Republican<\/span> <span class=\"OpDesc\">Is Selected<\/span> "},"1":{"LogicType":"Question","QuestionID":"QID21","QuestionIsInLoop":"no","ChoiceLocator":"q:\/\/QID21\/SelectableChoice\/157","Operator":"Selected","QuestionIDFromLocator":"QID21","LeftOperand":"q:\/\/QID21\/SelectableChoice\/157","Type":"Expression","Description":"<span class=\"ConjDesc\">Or<\/span> <span class=\"QuestionDesc\">1.&nbsp;&nbsp;&nbsp;&nbsp;&nbsp;&nbsp; Generally speaking, are you a Democrat, Independent, or Republican?<\/span> <span class=\"LeftOpDesc\">Moderate Republican<\/span> <span class=\"OpDesc\">Is Selected<\/span> ","Conjuction":"Or"},"2":{"LogicType":"Question","QuestionID":"QID21","QuestionIsInLoop":"no","ChoiceLocator":"q:\/\/QID21\/SelectableChoice\/158","Operator":"Selected","QuestionIDFromLocator":"QID21","LeftOperand":"q:\/\/QID21\/SelectableChoice\/158","Type":"Expression","Description":"<span class=\"ConjDesc\">Or<\/span> <span class=\"QuestionDesc\">1.&nbsp;&nbsp;&nbsp;&nbsp;&nbsp;&nbsp; Generally speaking, are you a Democrat, Independent, or Republican?<\/span> <span class=\"LeftOpDesc\">Strong Republican<\/span> <span class=\"OpDesc\">Is Selected<\/span> ","Conjuction":"Or"},"Type":"If"},"Type":"BooleanExpression"},"LogicType":"Simple","QuotaAction":"EndCurrentSurvey","ActionInfo":{"0":{"0":{"ActionType":"EndCurrentSurvey","Type":"Expression","LogicType":"QuotaAction"},"Type":"If"},"Type":"BooleanExpression"},"ID":"QO_ffrubBcE3qdv2Pr","QuotaRealm":"Survey","QuotaSchedule":null,"EndSurveyOptions":{"EndingType":"Advanced","ResponseFlag":"QuotaMet","SurveyTermination":"Redirect","EOSRedirectURL":"http:\/\/ca1.qualtrics.com\/jfe\/form\/SV_cGyhnkVVvVX9FQN?opp=${e:\/\/Field\/opp}&Quota=${e:\/\/Field\/Quota}&Country=${e:\/\/Field\/Country}&Wave=${e:\/\/Field\/Wave}&V=${e:\/\/Field\/V}&email=${e:\/\/Field\/email}&rid=${e:\/\/Field\/rid}&RISN=${e:\/\/Field\/RISN}&LS=${e:\/\/Field\/LS}&PID=${e:\/\/Field\/PID}&psid=${e:\/\/Field\/psid}&K2=${e:\/\/Field\/K2}&med=${e:\/\/Field\/med}&gid=${e:\/\/Field\/gid}&viga=${e:\/\/Field\/viga}&cintid=${e:\/\/Field\/cintid}&ProjectToken=${e:\/\/Field\/ProjectToken}&tid=${e:\/\/Field\/tid}&uig=${e:\/\/Field\/uig}&ppsid=${e:\/\/Field\/ppsid}&vid=${e:\/\/Field\/vid}&uid=${e:\/\/Field\/uid}&ST=${e:\/\/Field\/ST}&id=${e:\/\/Field\/id}&cmpid=${e:\/\/Field\/cmpid}&EO=${e:\/\/Field\/EOLID}&gc=3&identifier=${e:\/\/Field\/identifier}&pcid=${e:\/\/Field\/pcid}&sesskey=${e:\/\/Field\/sesskey}&CMRID=${e:\/\/Field\/CMRID}&r=${e:\/\/Field\/r}&s=${e:\/\/Field\/s}&projectnumber=${e:\/\/Field\/projectnumber}&sc=${e:\/\/Field\/sc}&job=${e:\/\/Field\/job}&password=${e:\/\/Field\/password}&ProjectToken2=${e:\/\/Field\/ProjectToken2}&GWSID=${e:\/\/Field\/GWSID}&authToken1=${e:\/\/Field\/authToken1}&authToken2=${e:\/\/Field\/authToken2}&authToken3=${e:\/\/Field\/authToken3}&spider=${e:\/\/Field\/spider}&sname=${e:\/\/Field\/sname}&p=${e:\/\/Field\/p}&eid=${e:\/\/Field\/eid}&ticket=${e:\/\/Field\/ticket}&custom1=${e:\/\/Field\/custom1}&tk=${e:\/\/Field\/tk}&token=${e:\/\/Field\/token}&Research_ID=${e:\/\/Field\/Research_ID}&ppgc1=${e:\/\/Field\/ppgc1}&ppgc2=${e:\/\/Field\/ppgc2}&ppgc3=${e:\/\/Field\/ppgc3}&ppgc4=${e:\/\/Field\/ppgc4}&m=${e:\/\/Field\/m}&l=${e:\/\/Field\/l}&offer_click_id=${e:\/\/Field\/offer_click_id}&sub_id=${e:\/\/Field\/sub_id}&surv=${e:\/\/Field\/surv}&LV=${e:\/\/Field\/LV}&SurveyCode=${e:\/\/Field\/SurveyCode}&RECALLCODE=${e:\/\/Field\/RECALLCODE}&basic=${e:\/\/Field\/basic}&ID=${e:\/\/Field\/ID}&term=oq","CountQuotas":"No","AnonymizeResponse":"Yes","EmailThankYou":"","IgnoreResponse":"Yes"}}},{"SurveyID":"SV_1XEB9Yx5rk3djpj","Element":"SQ","PrimaryAttribute":"QID27","SecondaryAttribute":"This completes the demonstration. \u00a0 A template for integrating web applications with Qualtrics ca..","TertiaryAttribute":null,"Payload":{"QuestionText":"<span style=\"font-size:22px;\"><strong>This completes the demonstration.<\/strong><\/span>\n<div>&nbsp;<\/div>\n\n<div><span style=\"font-size:16px;\">A template for integrating web applications with Qualtrics can be downloaded here:<\/span><\/div>\n\n<div><span style=\"font-size:16px;\"><span style=\"color:#3498db;\">&lt;WILL INSERT LINK ONCE CREATED&gt;<\/span><\/span><\/div>\n\n<div>&nbsp;<\/div>\n\n<div><span style=\"font-size:16px;\">For more detailed instructions, see <span style=\"color:#3498db;\">&lt;WORKING PAPER LINK&gt;<\/span>.<\/span><\/div>","DefaultChoices":false,"DataExportTag":"Q10","QuestionType":"DB","Selector":"TB","Configuration":{"QuestionDescriptionOption":"UseText"},"QuestionDescription":"This completes the demonstration. \u00a0 A template for integrating web applications with Qualtrics ca...","ChoiceOrder":[],"Validation":{"Settings":{"Type":"None"}},"GradingData":[],"Language":[],"NextChoiceId":4,"NextAnswerId":1,"QuestionID":"QID27","DataVisibility":{"Private":false,"Hidden":false}}}]}